// !$*UTF8*$!
{
	archiveVersion = 1;
	classes = {
	};
	objectVersion = 48;
	objects = {

/* Begin PBXBuildFile section */
		3A917F6E20492EFE005E6169 /* AppDelegate.m in Sources */ = {isa = PBXBuildFile; fileRef = 3A917F6D20492EFE005E6169 /* AppDelegate.m */; };
		3A917F7120492EFE005E6169 /* ViewController.m in Sources */ = {isa = PBXBuildFile; fileRef = 3A917F7020492EFE005E6169 /* ViewController.m */; };
		3A917F7420492EFE005E6169 /* Main.storyboard in Resources */ = {isa = PBXBuildFile; fileRef = 3A917F7220492EFE005E6169 /* Main.storyboard */; };
		3A917F7620492EFE005E6169 /* Assets.xcassets in Resources */ = {isa = PBXBuildFile; fileRef = 3A917F7520492EFE005E6169 /* Assets.xcassets */; };
		3A917F7920492EFE005E6169 /* LaunchScreen.storyboard in Resources */ = {isa = PBXBuildFile; fileRef = 3A917F7720492EFE005E6169 /* LaunchScreen.storyboard */; };
		3A917F7C20492EFE005E6169 /* main.m in Sources */ = {isa = PBXBuildFile; fileRef = 3A917F7B20492EFE005E6169 /* main.m */; };
		3A917F8620492EFE005E6169 /* _____Tests.m in Sources */ = {isa = PBXBuildFile; fileRef = 3A917F8520492EFE005E6169 /* _____Tests.m */; };
		3A917F9120492EFF005E6169 /* _____UITests.m in Sources */ = {isa = PBXBuildFile; fileRef = 3A917F9020492EFF005E6169 /* _____UITests.m */; };
		3A917FA020492F0A005E6169 /* HHHHH.m in Sources */ = {isa = PBXBuildFile; fileRef = 3A917F9F20492F0A005E6169 /* HHHHH.m */; };
		3A917FA3204933EF005E6169 /* BViewController.m in Sources */ = {isa = PBXBuildFile; fileRef = 3A917FA2204933EF005E6169 /* BViewController.m */; settings = {COMPILER_FLAGS = "-fno-objc-arc"; }; };
/* End PBXBuildFile section */

/* Begin PBXContainerItemProxy section */
		3A917F8220492EFE005E6169 /* PBXContainerItemProxy */ = {
			isa = PBXContainerItemProxy;
			containerPortal = 3A917F6120492EFE005E6169 /* Project object */;
			proxyType = 1;
			remoteGlobalIDString = 3A917F6820492EFE005E6169;
			remoteInfo = "他天天让人";
		};
		3A917F8D20492EFE005E6169 /* PBXContainerItemProxy */ = {
			isa = PBXContainerItemProxy;
			containerPortal = 3A917F6120492EFE005E6169 /* Project object */;
			proxyType = 1;
			remoteGlobalIDString = 3A917F6820492EFE005E6169;
			remoteInfo = "他天天让人";
		};
/* End PBXContainerItemProxy section */

/* Begin PBXFileReference section */
		3A917F6920492EFE005E6169 /* 他天天让人.app */ = {isa = PBXFileReference; explicitFileType = wrapper.application; includeInIndex = 0; path = "他天天让人.app"; sourceTree = BUILT_PRODUCTS_DIR; };
		3A917F6C20492EFE005E6169 /* AppDelegate.h */ = {isa = PBXFileReference; lastKnownFileType = sourcecode.c.h; path = AppDelegate.h; sourceTree = "<group>"; };
		3A917F6D20492EFE005E6169 /* AppDelegate.m */ = {isa = PBXFileReference; lastKnownFileType = sourcecode.c.objc; path = AppDelegate.m; sourceTree = "<group>"; };
		3A917F6F20492EFE005E6169 /* ViewController.h */ = {isa = PBXFileReference; lastKnownFileType = sourcecode.c.h; path = ViewController.h; sourceTree = "<group>"; };
		3A917F7020492EFE005E6169 /* ViewController.m */ = {isa = PBXFileReference; lastKnownFileType = sourcecode.c.objc; path = ViewController.m; sourceTree = "<group>"; };
		3A917F7320492EFE005E6169 /* Base */ = {isa = PBXFileReference; lastKnownFileType = file.storyboard; name = Base; path = Base.lproj/Main.storyboard; sourceTree = "<group>"; };
		3A917F7520492EFE005E6169 /* Assets.xcassets */ = {isa = PBXFileReference; lastKnownFileType = folder.assetcatalog; path = Assets.xcassets; sourceTree = "<group>"; };
		3A917F7820492EFE005E6169 /* Base */ = {isa = PBXFileReference; lastKnownFileType = file.storyboard; name = Base; path = Base.lproj/LaunchScreen.storyboard; sourceTree = "<group>"; };
		3A917F7A20492EFE005E6169 /* Info.plist */ = {isa = PBXFileReference; lastKnownFileType = text.plist.xml; path = Info.plist; sourceTree = "<group>"; };
		3A917F7B20492EFE005E6169 /* main.m */ = {isa = PBXFileReference; lastKnownFileType = sourcecode.c.objc; path = main.m; sourceTree = "<group>"; };
		3A917F8120492EFE005E6169 /* 他天天让人Tests.xctest */ = {isa = PBXFileReference; explicitFileType = wrapper.cfbundle; includeInIndex = 0; path = "他天天让人Tests.xctest"; sourceTree = BUILT_PRODUCTS_DIR; };
		3A917F8520492EFE005E6169 /* _____Tests.m */ = {isa = PBXFileReference; lastKnownFileType = sourcecode.c.objc; path = "_____Tests.m"; sourceTree = "<group>"; };
		3A917F8720492EFE005E6169 /* Info.plist */ = {isa = PBXFileReference; lastKnownFileType = text.plist.xml; path = Info.plist; sourceTree = "<group>"; };
		3A917F8C20492EFE005E6169 /* 他天天让人UITests.xctest */ = {isa = PBXFileReference; explicitFileType = wrapper.cfbundle; includeInIndex = 0; path = "他天天让人UITests.xctest"; sourceTree = BUILT_PRODUCTS_DIR; };
		3A917F9020492EFF005E6169 /* _____UITests.m */ = {isa = PBXFileReference; lastKnownFileType = sourcecode.c.objc; path = "_____UITests.m"; sourceTree = "<group>"; };
		3A917F9220492EFF005E6169 /* Info.plist */ = {isa = PBXFileReference; lastKnownFileType = text.plist.xml; path = Info.plist; sourceTree = "<group>"; };
		3A917F9E20492F0A005E6169 /* HHHHH.h */ = {isa = PBXFileReference; lastKnownFileType = sourcecode.c.h; path = HHHHH.h; sourceTree = "<group>"; };
		3A917F9F20492F0A005E6169 /* HHHHH.m */ = {isa = PBXFileReference; lastKnownFileType = sourcecode.c.objc; path = HHHHH.m; sourceTree = "<group>"; };
		3A917FA1204933EF005E6169 /* BViewController.h */ = {isa = PBXFileReference; lastKnownFileType = sourcecode.c.h; path = BViewController.h; sourceTree = "<group>"; };
		3A917FA2204933EF005E6169 /* BViewController.m */ = {isa = PBXFileReference; lastKnownFileType = sourcecode.c.objc; path = BViewController.m; sourceTree = "<group>"; };
/* End PBXFileReference section */

/* Begin PBXFrameworksBuildPhase section */
		3A917F6620492EFE005E6169 /* Frameworks */ = {
			isa = PBXFrameworksBuildPhase;
			buildActionMask = 2147483647;
			files = (
			);
			runOnlyForDeploymentPostprocessing = 0;
		};
		3A917F7E20492EFE005E6169 /* Frameworks */ = {
			isa = PBXFrameworksBuildPhase;
			buildActionMask = 2147483647;
			files = (
			);
			runOnlyForDeploymentPostprocessing = 0;
		};
		3A917F8920492EFE005E6169 /* Frameworks */ = {
			isa = PBXFrameworksBuildPhase;
			buildActionMask = 2147483647;
			files = (
			);
			runOnlyForDeploymentPostprocessing = 0;
		};
/* End PBXFrameworksBuildPhase section */

/* Begin PBXGroup section */
		3A917F6020492EFE005E6169 = {
			isa = PBXGroup;
			children = (
				3A917F6B20492EFE005E6169 /* 他天天让人 */,
				3A917F8420492EFE005E6169 /* 他天天让人Tests */,
				3A917F8F20492EFE005E6169 /* 他天天让人UITests */,
				3A917F6A20492EFE005E6169 /* Products */,
			);
			sourceTree = "<group>";
		};
		3A917F6A20492EFE005E6169 /* Products */ = {
			isa = PBXGroup;
			children = (
				3A917F6920492EFE005E6169 /* 他天天让人.app */,
				3A917F8120492EFE005E6169 /* 他天天让人Tests.xctest */,
				3A917F8C20492EFE005E6169 /* 他天天让人UITests.xctest */,
			);
			name = Products;
			sourceTree = "<group>";
		};
		3A917F6B20492EFE005E6169 /* 他天天让人 */ = {
			isa = PBXGroup;
			children = (
				3A917F6C20492EFE005E6169 /* AppDelegate.h */,
				3A917F6D20492EFE005E6169 /* AppDelegate.m */,
				3A917F6F20492EFE005E6169 /* ViewController.h */,
				3A917F7020492EFE005E6169 /* ViewController.m */,
				3A917FA1204933EF005E6169 /* BViewController.h */,
				3A917FA2204933EF005E6169 /* BViewController.m */,
				3A917F9E20492F0A005E6169 /* HHHHH.h */,
				3A917F9F20492F0A005E6169 /* HHHHH.m */,
				3A917F7220492EFE005E6169 /* Main.storyboard */,
				3A917F7520492EFE005E6169 /* Assets.xcassets */,
				3A917F7720492EFE005E6169 /* LaunchScreen.storyboard */,
				3A917F7A20492EFE005E6169 /* Info.plist */,
				3A917F7B20492EFE005E6169 /* main.m */,
			);
			path = "他天天让人";
			sourceTree = "<group>";
		};
		3A917F8420492EFE005E6169 /* 他天天让人Tests */ = {
			isa = PBXGroup;
			children = (
				3A917F8520492EFE005E6169 /* _____Tests.m */,
				3A917F8720492EFE005E6169 /* Info.plist */,
			);
			path = "他天天让人Tests";
			sourceTree = "<group>";
		};
		3A917F8F20492EFE005E6169 /* 他天天让人UITests */ = {
			isa = PBXGroup;
			children = (
				3A917F9020492EFF005E6169 /* _____UITests.m */,
				3A917F9220492EFF005E6169 /* Info.plist */,
			);
			path = "他天天让人UITests";
			sourceTree = "<group>";
		};
/* End PBXGroup section */

/* Begin PBXNativeTarget section */
		3A917F6820492EFE005E6169 /* 他天天让人 */ = {
			isa = PBXNativeTarget;
			buildConfigurationList = 3A917F9520492EFF005E6169 /* Build configuration list for PBXNativeTarget "他天天让人" */;
			buildPhases = (
				3A917F6520492EFE005E6169 /* Sources */,
				3A917F6620492EFE005E6169 /* Frameworks */,
				3A917F6720492EFE005E6169 /* Resources */,
			);
			buildRules = (
			);
			dependencies = (
			);
			name = "他天天让人";
			productName = "他天天让人";
			productReference = 3A917F6920492EFE005E6169 /* 他天天让人.app */;
			productType = "com.apple.product-type.application";
		};
		3A917F8020492EFE005E6169 /* 他天天让人Tests */ = {
			isa = PBXNativeTarget;
			buildConfigurationList = 3A917F9820492EFF005E6169 /* Build configuration list for PBXNativeTarget "他天天让人Tests" */;
			buildPhases = (
				3A917F7D20492EFE005E6169 /* Sources */,
				3A917F7E20492EFE005E6169 /* Frameworks */,
				3A917F7F20492EFE005E6169 /* Resources */,
			);
			buildRules = (
			);
			dependencies = (
				3A917F8320492EFE005E6169 /* PBXTargetDependency */,
			);
			name = "他天天让人Tests";
			productName = "他天天让人Tests";
			productReference = 3A917F8120492EFE005E6169 /* 他天天让人Tests.xctest */;
			productType = "com.apple.product-type.bundle.unit-test";
		};
		3A917F8B20492EFE005E6169 /* 他天天让人UITests */ = {
			isa = PBXNativeTarget;
			buildConfigurationList = 3A917F9B20492EFF005E6169 /* Build configuration list for PBXNativeTarget "他天天让人UITests" */;
			buildPhases = (
				3A917F8820492EFE005E6169 /* Sources */,
				3A917F8920492EFE005E6169 /* Frameworks */,
				3A917F8A20492EFE005E6169 /* Resources */,
			);
			buildRules = (
			);
			dependencies = (
				3A917F8E20492EFE005E6169 /* PBXTargetDependency */,
			);
			name = "他天天让人UITests";
			productName = "他天天让人UITests";
			productReference = 3A917F8C20492EFE005E6169 /* 他天天让人UITests.xctest */;
			productType = "com.apple.product-type.bundle.ui-testing";
		};
/* End PBXNativeTarget section */

/* Begin PBXProject section */
		3A917F6120492EFE005E6169 /* Project object */ = {
			isa = PBXProject;
			attributes = {
				LastUpgradeCheck = 0920;
				ORGANIZATIONNAME = sunkang;
				TargetAttributes = {
					3A917F6820492EFE005E6169 = {
						CreatedOnToolsVersion = 9.2;
						ProvisioningStyle = Automatic;
					};
					3A917F8020492EFE005E6169 = {
						CreatedOnToolsVersion = 9.2;
						ProvisioningStyle = Automatic;
						TestTargetID = 3A917F6820492EFE005E6169;
					};
					3A917F8B20492EFE005E6169 = {
						CreatedOnToolsVersion = 9.2;
						ProvisioningStyle = Automatic;
						TestTargetID = 3A917F6820492EFE005E6169;
					};
				};
			};
			buildConfigurationList = 3A917F6420492EFE005E6169 /* Build configuration list for PBXProject "他天天让人" */;
			compatibilityVersion = "Xcode 8.0";
			developmentRegion = en;
			hasScannedForEncodings = 0;
			knownRegions = (
				en,
				Base,
			);
			mainGroup = 3A917F6020492EFE005E6169;
			productRefGroup = 3A917F6A20492EFE005E6169 /* Products */;
			projectDirPath = "";
			projectRoot = "";
			targets = (
				3A917F6820492EFE005E6169 /* 他天天让人 */,
				3A917F8020492EFE005E6169 /* 他天天让人Tests */,
				3A917F8B20492EFE005E6169 /* 他天天让人UITests */,
			);
		};
/* End PBXProject section */

/* Begin PBXResourcesBuildPhase section */
		3A917F6720492EFE005E6169 /* Resources */ = {
			isa = PBXResourcesBuildPhase;
			buildActionMask = 2147483647;
			files = (
				3A917F7920492EFE005E6169 /* LaunchScreen.storyboard in Resources */,
				3A917F7620492EFE005E6169 /* Assets.xcassets in Resources */,
				3A917F7420492EFE005E6169 /* Main.storyboard in Resources */,
			);
			runOnlyForDeploymentPostprocessing = 0;
		};
		3A917F7F20492EFE005E6169 /* Resources */ = {
			isa = PBXResourcesBuildPhase;
			buildActionMask = 2147483647;
			files = (
			);
			runOnlyForDeploymentPostprocessing = 0;
		};
		3A917F8A20492EFE005E6169 /* Resources */ = {
			isa = PBXResourcesBuildPhase;
			buildActionMask = 2147483647;
			files = (
			);
			runOnlyForDeploymentPostprocessing = 0;
		};
/* End PBXResourcesBuildPhase section */

/* Begin PBXSourcesBuildPhase section */
		3A917F6520492EFE005E6169 /* Sources */ = {
			isa = PBXSourcesBuildPhase;
			buildActionMask = 2147483647;
			files = (
				3A917F7120492EFE005E6169 /* ViewController.m in Sources */,
				3A917F7C20492EFE005E6169 /* main.m in Sources */,
				3A917FA020492F0A005E6169 /* HHHHH.m in Sources */,
				3A917FA3204933EF005E6169 /* BViewController.m in Sources */,
				3A917F6E20492EFE005E6169 /* AppDelegate.m in Sources */,
			);
			runOnlyForDeploymentPostprocessing = 0;
		};
		3A917F7D20492EFE005E6169 /* Sources */ = {
			isa = PBXSourcesBuildPhase;
			buildActionMask = 2147483647;
			files = (
				3A917F8620492EFE005E6169 /* _____Tests.m in Sources */,
			);
			runOnlyForDeploymentPostprocessing = 0;
		};
		3A917F8820492EFE005E6169 /* Sources */ = {
			isa = PBXSourcesBuildPhase;
			buildActionMask = 2147483647;
			files = (
				3A917F9120492EFF005E6169 /* _____UITests.m in Sources */,
			);
			runOnlyForDeploymentPostprocessing = 0;
		};
/* End PBXSourcesBuildPhase section */

/* Begin PBXTargetDependency section */
		3A917F8320492EFE005E6169 /* PBXTargetDependency */ = {
			isa = PBXTargetDependency;
			target = 3A917F6820492EFE005E6169 /* 他天天让人 */;
			targetProxy = 3A917F8220492EFE005E6169 /* PBXContainerItemProxy */;
		};
		3A917F8E20492EFE005E6169 /* PBXTargetDependency */ = {
			isa = PBXTargetDependency;
			target = 3A917F6820492EFE005E6169 /* 他天天让人 */;
			targetProxy = 3A917F8D20492EFE005E6169 /* PBXContainerItemProxy */;
		};
/* End PBXTargetDependency section */

/* Begin PBXVariantGroup section */
		3A917F7220492EFE005E6169 /* Main.storyboard */ = {
			isa = PBXVariantGroup;
			children = (
				3A917F7320492EFE005E6169 /* Base */,
			);
			name = Main.storyboard;
			sourceTree = "<group>";
		};
		3A917F7720492EFE005E6169 /* LaunchScreen.storyboard */ = {
			isa = PBXVariantGroup;
			children = (
				3A917F7820492EFE005E6169 /* Base */,
			);
			name = LaunchScreen.storyboard;
			sourceTree = "<group>";
		};
/* End PBXVariantGroup section */

/* Begin XCBuildConfiguration section */
		3A917F9320492EFF005E6169 /* Debug */ = {
			isa = XCBuildConfiguration;
			buildSettings = {
				ALWAYS_SEARCH_USER_PATHS = NO;
				CLANG_ANALYZER_NONNULL = YES;
				CLANG_ANALYZER_NUMBER_OBJECT_CONVERSION = YES_AGGRESSIVE;
				CLANG_CXX_LANGUAGE_STANDARD = "gnu++14";
				CLANG_CXX_LIBRARY = "libc++";
				CLANG_ENABLE_MODULES = YES;
				CLANG_ENABLE_OBJC_ARC = YES;
				CLANG_WARN_BLOCK_CAPTURE_AUTORELEASING = YES;
				CLANG_WARN_BOOL_CONVERSION = YES;
				CLANG_WARN_COMMA = YES;
				CLANG_WARN_CONSTANT_CONVERSION = YES;
				CLANG_WARN_DIRECT_OBJC_ISA_USAGE = YES_ERROR;
				CLANG_WARN_DOCUMENTATION_COMMENTS = YES;
				CLANG_WARN_EMPTY_BODY = YES;
				CLANG_WARN_ENUM_CONVERSION = YES;
				CLANG_WARN_INFINITE_RECURSION = YES;
				CLANG_WARN_INT_CONVERSION = YES;
				CLANG_WARN_NON_LITERAL_NULL_CONVERSION = YES;
				CLANG_WARN_OBJC_LITERAL_CONVERSION = YES;
				CLANG_WARN_OBJC_ROOT_CLASS = YES_ERROR;
				CLANG_WARN_RANGE_LOOP_ANALYSIS = YES;
				CLANG_WARN_STRICT_PROTOTYPES = YES;
				CLANG_WARN_SUSPICIOUS_MOVE = YES;
				CLANG_WARN_UNGUARDED_AVAILABILITY = YES_AGGRESSIVE;
				CLANG_WARN_UNREACHABLE_CODE = YES;
				CLANG_WARN__DUPLICATE_METHOD_MATCH = YES;
				CODE_SIGN_IDENTITY = "iPhone Developer";
				COPY_PHASE_STRIP = NO;
				DEBUG_INFORMATION_FORMAT = dwarf;
				ENABLE_STRICT_OBJC_MSGSEND = YES;
				ENABLE_TESTABILITY = YES;
				GCC_C_LANGUAGE_STANDARD = gnu11;
				GCC_DYNAMIC_NO_PIC = NO;
				GCC_NO_COMMON_BLOCKS = YES;
				GCC_OPTIMIZATION_LEVEL = 0;
				GCC_PREPROCESSOR_DEFINITIONS = (
					"DEBUG=1",
					"$(inherited)",
				);
				GCC_WARN_64_TO_32_BIT_CONVERSION = YES;
				GCC_WARN_ABOUT_RETURN_TYPE = YES_ERROR;
				GCC_WARN_UNDECLARED_SELECTOR = YES;
				GCC_WARN_UNINITIALIZED_AUTOS = YES_AGGRESSIVE;
				GCC_WARN_UNUSED_FUNCTION = YES;
				GCC_WARN_UNUSED_VARIABLE = YES;
				IPHONEOS_DEPLOYMENT_TARGET = 11.2;
				MTL_ENABLE_DEBUG_INFO = YES;
				ONLY_ACTIVE_ARCH = YES;
				SDKROOT = iphoneos;
			};
			name = Debug;
		};
		3A917F9420492EFF005E6169 /* Release */ = {
			isa = XCBuildConfiguration;
			buildSettings = {
				ALWAYS_SEARCH_USER_PATHS = NO;
				CLANG_ANALYZER_NONNULL = YES;
				CLANG_ANALYZER_NUMBER_OBJECT_CONVERSION = YES_AGGRESSIVE;
				CLANG_CXX_LANGUAGE_STANDARD = "gnu++14";
				CLANG_CXX_LIBRARY = "libc++";
				CLANG_ENABLE_MODULES = YES;
				CLANG_ENABLE_OBJC_ARC = YES;
				CLANG_WARN_BLOCK_CAPTURE_AUTORELEASING = YES;
				CLANG_WARN_BOOL_CONVERSION = YES;
				CLANG_WARN_COMMA = YES;
				CLANG_WARN_CONSTANT_CONVERSION = YES;
				CLANG_WARN_DIRECT_OBJC_ISA_USAGE = YES_ERROR;
				CLANG_WARN_DOCUMENTATION_COMMENTS = YES;
				CLANG_WARN_EMPTY_BODY = YES;
				CLANG_WARN_ENUM_CONVERSION = YES;
				CLANG_WARN_INFINITE_RECURSION = YES;
				CLANG_WARN_INT_CONVERSION = YES;
				CLANG_WARN_NON_LITERAL_NULL_CONVERSION = YES;
				CLANG_WARN_OBJC_LITERAL_CONVERSION = YES;
				CLANG_WARN_OBJC_ROOT_CLASS = YES_ERROR;
				CLANG_WARN_RANGE_LOOP_ANALYSIS = YES;
				CLANG_WARN_STRICT_PROTOTYPES = YES;
				CLANG_WARN_SUSPICIOUS_MOVE = YES;
				CLANG_WARN_UNGUARDED_AVAILABILITY = YES_AGGRESSIVE;
				CLANG_WARN_UNREACHABLE_CODE = YES;
				CLANG_WARN__DUPLICATE_METHOD_MATCH = YES;
				CODE_SIGN_IDENTITY = "iPhone Developer";
				COPY_PHASE_STRIP = NO;
				DEBUG_INFORMATION_FORMAT = "dwarf-with-dsym";
				ENABLE_NS_ASSERTIONS = NO;
				ENABLE_STRICT_OBJC_MSGSEND = YES;
				GCC_C_LANGUAGE_STANDARD = gnu11;
				GCC_NO_COMMON_BLOCKS = YES;
				GCC_WARN_64_TO_32_BIT_CONVERSION = YES;
				GCC_WARN_ABOUT_RETURN_TYPE = YES_ERROR;
				GCC_WARN_UNDECLARED_SELECTOR = YES;
				GCC_WARN_UNINITIALIZED_AUTOS = YES_AGGRESSIVE;
				GCC_WARN_UNUSED_FUNCTION = YES;
				GCC_WARN_UNUSED_VARIABLE = YES;
				IPHONEOS_DEPLOYMENT_TARGET = 11.2;
				MTL_ENABLE_DEBUG_INFO = NO;
				SDKROOT = iphoneos;
				VALIDATE_PRODUCT = YES;
			};
			name = Release;
		};
		3A917F9620492EFF005E6169 /* Debug */ = {
			isa = XCBuildConfiguration;
			buildSettings = {
				ASSETCATALOG_COMPILER_APPICON_NAME = AppIcon;
				CODE_SIGN_STYLE = Automatic;
				DEVELOPMENT_TEAM = P76QB8Z72Y;
				INFOPLIST_FILE = "他天天让人/Info.plist";
				LD_RUNPATH_SEARCH_PATHS = "$(inherited) @executable_path/Frameworks";
				PRODUCT_BUNDLE_IDENTIFIER = "com.pospi.-----";
				PRODUCT_NAME = "$(TARGET_NAME)";
				TARGETED_DEVICE_FAMILY = "1,2";
			};
			name = Debug;
		};
		3A917F9720492EFF005E6169 /* Release */ = {
			isa = XCBuildConfiguration;
			buildSettings = {
				ASSETCATALOG_COMPILER_APPICON_NAME = AppIcon;
				CODE_SIGN_STYLE = Automatic;
				DEVELOPMENT_TEAM = P76QB8Z72Y;
				INFOPLIST_FILE = "他天天让人/Info.plist";
				LD_RUNPATH_SEARCH_PATHS = "$(inherited) @executable_path/Frameworks";
				PRODUCT_BUNDLE_IDENTIFIER = "com.pospi.-----";
				PRODUCT_NAME = "$(TARGET_NAME)";
				TARGETED_DEVICE_FAMILY = "1,2";
			};
			name = Release;
		};
		3A917F9920492EFF005E6169 /* Debug */ = {
			isa = XCBuildConfiguration;
			buildSettings = {
				BUNDLE_LOADER = "$(TEST_HOST)";
				CODE_SIGN_STYLE = Automatic;
				DEVELOPMENT_TEAM = P76QB8Z72Y;
				INFOPLIST_FILE = "他天天让人Tests/Info.plist";
				LD_RUNPATH_SEARCH_PATHS = "$(inherited) @executable_path/Frameworks @loader_path/Frameworks";
				PRODUCT_BUNDLE_IDENTIFIER = "com.pospi.-----Tests";
				PRODUCT_NAME = "$(TARGET_NAME)";
				TARGETED_DEVICE_FAMILY = "1,2";
				TEST_HOST = "$(BUILT_PRODUCTS_DIR)/他天天让人.app/他天天让人";
			};
			name = Debug;
		};
		3A917F9A20492EFF005E6169 /* Release */ = {
			isa = XCBuildConfiguration;
			buildSettings = {
				BUNDLE_LOADER = "$(TEST_HOST)";
				CODE_SIGN_STYLE = Automatic;
				DEVELOPMENT_TEAM = P76QB8Z72Y;
				INFOPLIST_FILE = "他天天让人Tests/Info.plist";
				LD_RUNPATH_SEARCH_PATHS = "$(inherited) @executable_path/Frameworks @loader_path/Frameworks";
				PRODUCT_BUNDLE_IDENTIFIER = "com.pospi.-----Tests";
				PRODUCT_NAME = "$(TARGET_NAME)";
				TARGETED_DEVICE_FAMILY = "1,2";
				TEST_HOST = "$(BUILT_PRODUCTS_DIR)/他天天让人.app/他天天让人";
			};
			name = Release;
		};
		3A917F9C20492EFF005E6169 /* Debug */ = {
			isa = XCBuildConfiguration;
			buildSettings = {
				CODE_SIGN_STYLE = Automatic;
				DEVELOPMENT_TEAM = P76QB8Z72Y;
				INFOPLIST_FILE = "他天天让人UITests/Info.plist";
				LD_RUNPATH_SEARCH_PATHS = "$(inherited) @executable_path/Frameworks @loader_path/Frameworks";
				PRODUCT_BUNDLE_IDENTIFIER = "com.pospi.-----UITests";
				PRODUCT_NAME = "$(TARGET_NAME)";
				TARGETED_DEVICE_FAMILY = "1,2";
				TEST_TARGET_NAME = "他天天让人";
			};
			name = Debug;
		};
		3A917F9D20492EFF005E6169 /* Release */ = {
			isa = XCBuildConfiguration;
			buildSettings = {
				CODE_SIGN_STYLE = Automatic;
				DEVELOPMENT_TEAM = P76QB8Z72Y;
				INFOPLIST_FILE = "他天天让人UITests/Info.plist";
				LD_RUNPATH_SEARCH_PATHS = "$(inherited) @executable_path/Frameworks @loader_path/Frameworks";
				PRODUCT_BUNDLE_IDENTIFIER = "com.pospi.-----UITests";
				PRODUCT_NAME = "$(TARGET_NAME)";
				TARGETED_DEVICE_FAMILY = "1,2";
				TEST_TARGET_NAME = "他天天让人";
			};
			name = Release;
		};
/* End XCBuildConfiguration section */

/* Begin XCConfigurationList section */
		3A917F6420492EFE005E6169 /* Build configuration list for PBXProject "他天天让人" */ = {
			isa = XCConfigurationList;
			buildConfigurations = (
				3A917F9320492EFF005E6169 /* Debug */,
				3A917F9420492EFF005E6169 /* Release */,
			);
			defaultConfigurationIsVisible = 0;
			defaultConfigurationName = Release;
		};
		3A917F9520492EFF005E6169 /* Build configuration list for PBXNativeTarget "他天天让人" */ = {
			isa = XCConfigurationList;
			buildConfigurations = (
				3A917F9620492EFF005E6169 /* Debug */,
				3A917F9720492EFF005E6169 /* Release */,
			);
			defaultConfigurationIsVisible = 0;
			defaultConfigurationName = Release;
		};
		3A917F9820492EFF005E6169 /* Build configuration list for PBXNativeTarget "他天天让人Tests" */ = {
			isa = XCConfigurationList;
			buildConfigurations = (
				3A917F9920492EFF005E6169 /* Debug */,
				3A917F9A20492EFF005E6169 /* Release */,
			);
			defaultConfigurationIsVisible = 0;
			defaultConfigurationName = Release;
		};
		3A917F9B20492EFF005E6169 /* Build configuration list for PBXNativeTarget "他天天让人UITests" */ = {
			isa = XCConfigurationList;
			buildConfigurations = (
				3A917F9C20492EFF005E6169 /* Debug */,
				3A917F9D20492EFF005E6169 /* Release */,
			);
			defaultConfigurationIsVisible = 0;
			defaultConfigurationName = Release;
		};
/* End XCConfigurationList section */
	};
	rootObject = 3A917F6120492EFE005E6169 /* Project object */;
}
